
Microsoft Visual Studio Solution File, Format Version 12.00
# Visual Studio 15
VisualStudioVersion = 15.0.27703.2042
MinimumVisualStudioVersion = 10.0.40219.1
Project("{9A19103F-16F7-4668-BE54-9A1E7A4F7556}") = "DataCore", "DataCore\DataCore.csproj", "{548E0CE3-F0D6-47F3-AC10-36695E6121A2}"
EndProject
Project("{9A19103F-16F7-4668-BE54-9A1E7A4F7556}") = "DataHelper", "DataHelper\DataHelper.csproj", "{9CDE5D11-E3B9-4C50-B70C-5BF59B705FDC}"
EndProject
Project("{9A19103F-16F7-4668-BE54-9A1E7A4F7556}") = "Utils", "Utils\Utils.csproj", "{37D4EFC2-6561-4279-9694-6C5C7FCABD32}"
EndProject
Global
	GlobalSection(SolutionConfigurationPlatforms) = preSolution
		Debug|Any CPU = Debug|Any CPU
		Release|Any CPU = Release|Any CPU
	EndGlobalSection
	GlobalSection(ProjectConfigurationPlatforms) = postSolution
		{548E0CE3-F0D6-47F3-AC10-36695E6121A2}.Debug|Any CPU.ActiveCfg = Debug|Any CPU
		{548E0CE3-F0D6-47F3-AC10-36695E6121A2}.Debug|Any CPU.Build.0 = Debug|Any CPU
		{548E0CE3-F0D6-47F3-AC10-36695E6121A2}.Release|Any CPU.ActiveCfg = Release|Any CPU
		{548E0CE3-F0D6-47F3-AC10-36695E6121A2}.Release|Any CPU.Build.0 = Release|Any CPU
		{9CDE5D11-E3B9-4C50-B70C-5BF59B705FDC}.Debug|Any CPU.ActiveCfg = Debug|Any CPU
		{9CDE5D11-E3B9-4C50-B70C-5BF59B705FDC}.Debug|Any CPU.Build.0 = Debug|Any CPU
		{9CDE5D11-E3B9-4C50-B70C-5BF59B705FDC}.Release|Any CPU.ActiveCfg = Release|Any CPU
		{9CDE5D11-E3B9-4C50-B70C-5BF59B705FDC}.Release|Any CPU.Build.0 = Release|Any CPU
		{37D4EFC2-6561-4279-9694-6C5C7FCABD32}.Debug|Any CPU.ActiveCfg = Debug|Any CPU
		{37D4EFC2-6561-4279-9694-6C5C7FCABD32}.Debug|Any CPU.Build.0 = Debug|Any CPU
		{37D4EFC2-6561-4279-9694-6C5C7FCABD32}.Release|Any CPU.ActiveCfg = Release|Any CPU
		{37D4EFC2-6561-4279-9694-6C5C7FCABD32}.Release|Any CPU.Build.0 = Release|Any CPU
	EndGlobalSection
	GlobalSection(SolutionProperties) = preSolution
		HideSolutionNode = FALSE
	EndGlobalSection
	GlobalSection(ExtensibilityGlobals) = postSolution
		SolutionGuid = {AD065E5C-6003-419C-B277-2DBD7084B56E}
	EndGlobalSection
EndGlobal
